
Microsoft Visual Studio Solution File, Format Version 12.00
# Visual Studio Version 17
VisualStudioVersion = 17.3.32901.215
MinimumVisualStudioVersion = 10.0.40219.1
Project("{FAE04EC0-301F-11D3-BF4B-00C04F79EFBC}") = "WinFormsApp1", "WinFormsApp1\WinFormsApp1.csproj", "{FCB1997F-3FF4-4C05-B683-EBDA24C8A8ED}"
EndProject
Global
	GlobalSection(SolutionConfigurationPlatforms) = preSolution
		Debug|Any CPU = Debug|Any CPU
		Release|Any CPU = Release|Any CPU
	EndGlobalSection
	GlobalSection(ProjectConfigurationPlatforms) = postSolution
		{FCB1997F-3FF4-4C05-B683-EBDA24C8A8ED}.Debug|Any CPU.ActiveCfg = Debug|Any CPU
		{FCB1997F-3FF4-4C05-B683-EBDA24C8A8ED}.Debug|Any CPU.Build.0 = Debug|Any CPU
		{FCB1997F-3FF4-4C05-B683-EBDA24C8A8ED}.Release|Any CPU.ActiveCfg = Release|Any CPU
		{FCB1997F-3FF4-4C05-B683-EBDA24C8A8ED}.Release|Any CPU.Build.0 = Release|Any CPU
	EndGlobalSection
	GlobalSection(SolutionProperties) = preSolution
		HideSolutionNode = FALSE
	EndGlobalSection
	GlobalSection(ExtensibilityGlobals) = postSolution
		SolutionGuid = {1E3E5B12-EC73-432C-B1B0-3C88311C6CE5}
	EndGlobalSection
EndGlobal
